
Microsoft Visual Studio Solution File, Format Version 12.00
# Visual Studio Version 16
VisualStudioVersion = 16.0.30717.126
MinimumVisualStudioVersion = 10.0.40219.1
Project("{9A19103F-16F7-4668-BE54-9A1E7A4F7556}") = "DataLib", "DataLib\DataLib.csproj", "{8C2E77FC-20CE-4904-B1FA-AD41516BC38C}"
EndProject
Project("{FAE04EC0-301F-11D3-BF4B-00C04F79EFBC}") = "ServiceLib", "ServiceLib\ServiceLib.csproj", "{129C5CD5-F872-426B-8C34-E38860A15C9D}"
EndProject
Global
	GlobalSection(SolutionConfigurationPlatforms) = preSolution
		Debug|Any CPU = Debug|Any CPU
		Release|Any CPU = Release|Any CPU
	EndGlobalSection
	GlobalSection(ProjectConfigurationPlatforms) = postSolution
		{8C2E77FC-20CE-4904-B1FA-AD41516BC38C}.Debug|Any CPU.ActiveCfg = Debug|Any CPU
		{8C2E77FC-20CE-4904-B1FA-AD41516BC38C}.Debug|Any CPU.Build.0 = Debug|Any CPU
		{8C2E77FC-20CE-4904-B1FA-AD41516BC38C}.Release|Any CPU.ActiveCfg = Release|Any CPU
		{8C2E77FC-20CE-4904-B1FA-AD41516BC38C}.Release|Any CPU.Build.0 = Release|Any CPU
		{129C5CD5-F872-426B-8C34-E38860A15C9D}.Debug|Any CPU.ActiveCfg = Debug|Any CPU
		{129C5CD5-F872-426B-8C34-E38860A15C9D}.Debug|Any CPU.Build.0 = Debug|Any CPU
		{129C5CD5-F872-426B-8C34-E38860A15C9D}.Release|Any CPU.ActiveCfg = Release|Any CPU
		{129C5CD5-F872-426B-8C34-E38860A15C9D}.Release|Any CPU.Build.0 = Release|Any CPU
	EndGlobalSection
	GlobalSection(SolutionProperties) = preSolution
		HideSolutionNode = FALSE
	EndGlobalSection
	GlobalSection(ExtensibilityGlobals) = postSolution
		SolutionGuid = {961D5708-8E87-4F50-BD8D-549A411B8CAE}
	EndGlobalSection
EndGlobal
